
Microsoft Visual Studio Solution File, Format Version 12.00
# Visual Studio Version 17
VisualStudioVersion = 17.4.33103.184
MinimumVisualStudioVersion = 10.0.40219.1
Project("{FAE04EC0-301F-11D3-BF4B-00C04F79EFBC}") = "TkmApi", "TkmApi\TkmApi.csproj", "{D75A62F2-CBD3-4156-B431-6F176386509F}"
EndProject
Global
	GlobalSection(SolutionConfigurationPlatforms) = preSolution
		Debug|Any CPU = Debug|Any CPU
		Release|Any CPU = Release|Any CPU
	EndGlobalSection
	GlobalSection(ProjectConfigurationPlatforms) = postSolution
		{D75A62F2-CBD3-4156-B431-6F176386509F}.Debug|Any CPU.ActiveCfg = Debug|Any CPU
		{D75A62F2-CBD3-4156-B431-6F176386509F}.Debug|Any CPU.Build.0 = Debug|Any CPU
		{D75A62F2-CBD3-4156-B431-6F176386509F}.Release|Any CPU.ActiveCfg = Release|Any CPU
		{D75A62F2-CBD3-4156-B431-6F176386509F}.Release|Any CPU.Build.0 = Release|Any CPU
	EndGlobalSection
	GlobalSection(SolutionProperties) = preSolution
		HideSolutionNode = FALSE
	EndGlobalSection
	GlobalSection(ExtensibilityGlobals) = postSolution
		SolutionGuid = {5D70FB84-302D-4C83-8CBD-DE78B8C1F31E}
	EndGlobalSection
EndGlobal
